{
  "name": "GlobalIntersectionObserver",
  "lockfileVersion": 3,
  "requires": true,
  "packages": {
    "": {
      "dependencies": {
        "@h2ml/bettertimeout": "^1.0.4"
      }
    },
    "node_modules/@h2ml/bettertimeout": {
      "version": "1.0.4",
      "resolved": "https://registry.npmjs.org/@h2ml/bettertimeout/-/bettertimeout-1.0.4.tgz",
      "integrity": "sha512-KQvz/8NUeNRlRkQCIgKtZZ38cmOBWZxirLa4gCV1HZdxiJ/e3pFEG9azUVIuB7RUIkUBlqoAHTQVp4v5nJbkWQ==",
      "dependencies": {
        "core-js": "^3.28.0"
      }
    },
    "node_modules/core-js": {
      "version": "3.28.0",
      "resolved": "https://registry.npmjs.org/core-js/-/core-js-3.28.0.tgz",
      "integrity": "sha512-GiZn9D4Z/rSYvTeg1ljAIsEqFm0LaN9gVtwDCrKL80zHtS31p9BAjmTxVqTQDMpwlMolJZOFntUG2uwyj7DAqw==",
      "hasInstallScript": true,
      "funding": {
        "type": "opencollective",
        "url": "https://opencollective.com/core-js"
      }
    }
  }
}
